// !$*UTF8*$!
{
	archiveVersion = 1;
	classes = {
	};
	objectVersion = 56;
	objects = {

/* Begin PBXBuildFile section */
		30D3B6CF2AEE9FCF008A715D /* User.swift in Sources */ = {isa = PBXBuildFile; fileRef = 30D3B6CE2AEE9FCF008A715D /* User.swift */; };
		72A0AEAA2AEE6FD50064AE98 /* LoginViewController.swift in Sources */ = {isa = PBXBuildFile; fileRef = 72A0AEA92AEE6FD50064AE98 /* LoginViewController.swift */; };
		72A0AEAD2AEE71670064AE98 /* Colors.swift in Sources */ = {isa = PBXBuildFile; fileRef = 72A0AEAC2AEE71670064AE98 /* Colors.swift */; };
		72A0AEB42AEE765F0064AE98 /* ProfileViewController.swift in Sources */ = {isa = PBXBuildFile; fileRef = 72A0AEB32AEE765F0064AE98 /* ProfileViewController.swift */; };
		72A0AEB62AEEA86C0064AE98 /* TabBarViewController.swift in Sources */ = {isa = PBXBuildFile; fileRef = 72A0AEB52AEEA86C0064AE98 /* TabBarViewController.swift */; };
		72A0AEB82AEEA8A40064AE98 /* CartViewController.swift in Sources */ = {isa = PBXBuildFile; fileRef = 72A0AEB72AEEA8A40064AE98 /* CartViewController.swift */; };
		72A0AEBA2AEEA92C0064AE98 /* CategoriesTableViewController.swift in Sources */ = {isa = PBXBuildFile; fileRef = 72A0AEB92AEEA92C0064AE98 /* CategoriesTableViewController.swift */; };
		72A0AEBC2AEEA9600064AE98 /* ProductsTableViewController.swift in Sources */ = {isa = PBXBuildFile; fileRef = 72A0AEBB2AEEA9600064AE98 /* ProductsTableViewController.swift */; };
		72A0AEBE2AEEA9A00064AE98 /* ProductsDescriptionViewController.swift in Sources */ = {isa = PBXBuildFile; fileRef = 72A0AEBD2AEEA9A00064AE98 /* ProductsDescriptionViewController.swift */; };
		72A0AEC02AEEA9C50064AE98 /* OrderViewController.swift in Sources */ = {isa = PBXBuildFile; fileRef = 72A0AEBF2AEEA9C50064AE98 /* OrderViewController.swift */; };
		72A0AEC32AEEAE230064AE98 /* DataStore.swift in Sources */ = {isa = PBXBuildFile; fileRef = 72A0AEC22AEEAE230064AE98 /* DataStore.swift */; };
		72C7C7112AEE6D50007DA0D2 /* AppDelegate.swift in Sources */ = {isa = PBXBuildFile; fileRef = 72C7C7102AEE6D50007DA0D2 /* AppDelegate.swift */; };
		72C7C7132AEE6D50007DA0D2 /* SceneDelegate.swift in Sources */ = {isa = PBXBuildFile; fileRef = 72C7C7122AEE6D50007DA0D2 /* SceneDelegate.swift */; };
		72C7C7182AEE6D50007DA0D2 /* Main.storyboard in Resources */ = {isa = PBXBuildFile; fileRef = 72C7C7162AEE6D50007DA0D2 /* Main.storyboard */; };
		72C7C71A2AEE6D51007DA0D2 /* Assets.xcassets in Resources */ = {isa = PBXBuildFile; fileRef = 72C7C7192AEE6D51007DA0D2 /* Assets.xcassets */; };
		72C7C71D2AEE6D51007DA0D2 /* LaunchScreen.storyboard in Resources */ = {isa = PBXBuildFile; fileRef = 72C7C71B2AEE6D51007DA0D2 /* LaunchScreen.storyboard */; };
/* End PBXBuildFile section */

/* Begin PBXFileReference section */
		30D3B6CE2AEE9FCF008A715D /* User.swift */ = {isa = PBXFileReference; lastKnownFileType = sourcecode.swift; path = User.swift; sourceTree = "<group>"; };
		72A0AEA92AEE6FD50064AE98 /* LoginViewController.swift */ = {isa = PBXFileReference; lastKnownFileType = sourcecode.swift; path = LoginViewController.swift; sourceTree = "<group>"; };
		72A0AEAC2AEE71670064AE98 /* Colors.swift */ = {isa = PBXFileReference; lastKnownFileType = sourcecode.swift; path = Colors.swift; sourceTree = "<group>"; };
		72A0AEB32AEE765F0064AE98 /* ProfileViewController.swift */ = {isa = PBXFileReference; lastKnownFileType = sourcecode.swift; path = ProfileViewController.swift; sourceTree = "<group>"; };
		72A0AEB52AEEA86C0064AE98 /* TabBarViewController.swift */ = {isa = PBXFileReference; lastKnownFileType = sourcecode.swift; path = TabBarViewController.swift; sourceTree = "<group>"; };
		72A0AEB72AEEA8A40064AE98 /* CartViewController.swift */ = {isa = PBXFileReference; lastKnownFileType = sourcecode.swift; path = CartViewController.swift; sourceTree = "<group>"; };
		72A0AEB92AEEA92C0064AE98 /* CategoriesTableViewController.swift */ = {isa = PBXFileReference; lastKnownFileType = sourcecode.swift; path = CategoriesTableViewController.swift; sourceTree = "<group>"; };
		72A0AEBB2AEEA9600064AE98 /* ProductsTableViewController.swift */ = {isa = PBXFileReference; lastKnownFileType = sourcecode.swift; path = ProductsTableViewController.swift; sourceTree = "<group>"; };
		72A0AEBD2AEEA9A00064AE98 /* ProductsDescriptionViewController.swift */ = {isa = PBXFileReference; lastKnownFileType = sourcecode.swift; path = ProductsDescriptionViewController.swift; sourceTree = "<group>"; };
		72A0AEBF2AEEA9C50064AE98 /* OrderViewController.swift */ = {isa = PBXFileReference; lastKnownFileType = sourcecode.swift; path = OrderViewController.swift; sourceTree = "<group>"; };
		72A0AEC22AEEAE230064AE98 /* DataStore.swift */ = {isa = PBXFileReference; lastKnownFileType = sourcecode.swift; path = DataStore.swift; sourceTree = "<group>"; };
		72C7C70D2AEE6D50007DA0D2 /* NewMarketApp.app */ = {isa = PBXFileReference; explicitFileType = wrapper.application; includeInIndex = 0; path = NewMarketApp.app; sourceTree = BUILT_PRODUCTS_DIR; };
		72C7C7102AEE6D50007DA0D2 /* AppDelegate.swift */ = {isa = PBXFileReference; lastKnownFileType = sourcecode.swift; path = AppDelegate.swift; sourceTree = "<group>"; };
		72C7C7122AEE6D50007DA0D2 /* SceneDelegate.swift */ = {isa = PBXFileReference; lastKnownFileType = sourcecode.swift; path = SceneDelegate.swift; sourceTree = "<group>"; };
		72C7C7172AEE6D50007DA0D2 /* Base */ = {isa = PBXFileReference; lastKnownFileType = file.storyboard; name = Base; path = Base.lproj/Main.storyboard; sourceTree = "<group>"; };
		72C7C7192AEE6D51007DA0D2 /* Assets.xcassets */ = {isa = PBXFileReference; lastKnownFileType = folder.assetcatalog; path = Assets.xcassets; sourceTree = "<group>"; };
		72C7C71C2AEE6D51007DA0D2 /* Base */ = {isa = PBXFileReference; lastKnownFileType = file.storyboard; name = Base; path = Base.lproj/LaunchScreen.storyboard; sourceTree = "<group>"; };
		72C7C71E2AEE6D51007DA0D2 /* Info.plist */ = {isa = PBXFileReference; lastKnownFileType = text.plist.xml; path = Info.plist; sourceTree = "<group>"; };
/* End PBXFileReference section */

/* Begin PBXFrameworksBuildPhase section */
		72C7C70A2AEE6D50007DA0D2 /* Frameworks */ = {
			isa = PBXFrameworksBuildPhase;
			buildActionMask = 2147483647;
			files = (
			);
			runOnlyForDeploymentPostprocessing = 0;
		};
/* End PBXFrameworksBuildPhase section */

/* Begin PBXGroup section */
		30D3B6CD2AEE9FBC008A715D /* Models */ = {
			isa = PBXGroup;
			children = (
				30D3B6CE2AEE9FCF008A715D /* User.swift */,
			);
			path = Models;
			sourceTree = "<group>";
		};
		72A0AEC12AEEAE070064AE98 /* Services */ = {
			isa = PBXGroup;
			children = (
				72A0AEC22AEEAE230064AE98 /* DataStore.swift */,
			);
			path = Services;
			sourceTree = "<group>";
		};
		72C7C7042AEE6D50007DA0D2 = {
			isa = PBXGroup;
			children = (
				72C7C70F2AEE6D50007DA0D2 /* NewMarketApp */,
				72C7C70E2AEE6D50007DA0D2 /* Products */,
			);
			sourceTree = "<group>";
		};
		72C7C70E2AEE6D50007DA0D2 /* Products */ = {
			isa = PBXGroup;
			children = (
				72C7C70D2AEE6D50007DA0D2 /* NewMarketApp.app */,
			);
			name = Products;
			sourceTree = "<group>";
		};
		72C7C70F2AEE6D50007DA0D2 /* NewMarketApp */ = {
			isa = PBXGroup;
			children = (
				72A0AEC12AEEAE070064AE98 /* Services */,
				30D3B6CD2AEE9FBC008A715D /* Models */,
				72C7C7242AEE6DE0007DA0D2 /* ViewControllers */,
				72C7C7252AEE6DF0007DA0D2 /* SupportingFiles */,
				72C7C7262AEE6E1D007DA0D2 /* Resourses */,
				72C7C7272AEE6E2A007DA0D2 /* Storyboards */,
			);
			path = NewMarketApp;
			sourceTree = "<group>";
		};
		72C7C7242AEE6DE0007DA0D2 /* ViewControllers */ = {
			isa = PBXGroup;
			children = (
				72A0AEA92AEE6FD50064AE98 /* LoginViewController.swift */,
				72A0AEB32AEE765F0064AE98 /* ProfileViewController.swift */,
				72A0AEB52AEEA86C0064AE98 /* TabBarViewController.swift */,
				72A0AEB72AEEA8A40064AE98 /* CartViewController.swift */,
				72A0AEB92AEEA92C0064AE98 /* CategoriesTableViewController.swift */,
				72A0AEBB2AEEA9600064AE98 /* ProductsTableViewController.swift */,
				72A0AEBD2AEEA9A00064AE98 /* ProductsDescriptionViewController.swift */,
				72A0AEBF2AEEA9C50064AE98 /* OrderViewController.swift */,
			);
			path = ViewControllers;
			sourceTree = "<group>";
		};
		72C7C7252AEE6DF0007DA0D2 /* SupportingFiles */ = {
			isa = PBXGroup;
			children = (
				72C7C7102AEE6D50007DA0D2 /* AppDelegate.swift */,
				72C7C7122AEE6D50007DA0D2 /* SceneDelegate.swift */,
				72C7C71E2AEE6D51007DA0D2 /* Info.plist */,
			);
			path = SupportingFiles;
			sourceTree = "<group>";
		};
		72C7C7262AEE6E1D007DA0D2 /* Resourses */ = {
			isa = PBXGroup;
			children = (
				72C7C7192AEE6D51007DA0D2 /* Assets.xcassets */,
				72A0AEAC2AEE71670064AE98 /* Colors.swift */,
			);
			path = Resourses;
			sourceTree = "<group>";
		};
		72C7C7272AEE6E2A007DA0D2 /* Storyboards */ = {
			isa = PBXGroup;
			children = (
				72C7C7162AEE6D50007DA0D2 /* Main.storyboard */,
				72C7C71B2AEE6D51007DA0D2 /* LaunchScreen.storyboard */,
			);
			path = Storyboards;
			sourceTree = "<group>";
		};
/* End PBXGroup section */

/* Begin PBXNativeTarget section */
		72C7C70C2AEE6D50007DA0D2 /* NewMarketApp */ = {
			isa = PBXNativeTarget;
			buildConfigurationList = 72C7C7212AEE6D51007DA0D2 /* Build configuration list for PBXNativeTarget "NewMarketApp" */;
			buildPhases = (
				72C7C7092AEE6D50007DA0D2 /* Sources */,
				72C7C70A2AEE6D50007DA0D2 /* Frameworks */,
				72C7C70B2AEE6D50007DA0D2 /* Resources */,
			);
			buildRules = (
			);
			dependencies = (
			);
			name = NewMarketApp;
			productName = NewMarketApp;
			productReference = 72C7C70D2AEE6D50007DA0D2 /* NewMarketApp.app */;
			productType = "com.apple.product-type.application";
		};
/* End PBXNativeTarget section */

/* Begin PBXProject section */
		72C7C7052AEE6D50007DA0D2 /* Project object */ = {
			isa = PBXProject;
			attributes = {
				BuildIndependentTargetsInParallel = 1;
				LastSwiftUpdateCheck = 1500;
				LastUpgradeCheck = 1500;
				TargetAttributes = {
					72C7C70C2AEE6D50007DA0D2 = {
						CreatedOnToolsVersion = 15.0;
					};
				};
			};
			buildConfigurationList = 72C7C7082AEE6D50007DA0D2 /* Build configuration list for PBXProject "NewMarketApp" */;
			compatibilityVersion = "Xcode 14.0";
			developmentRegion = en;
			hasScannedForEncodings = 0;
			knownRegions = (
				en,
				Base,
			);
			mainGroup = 72C7C7042AEE6D50007DA0D2;
			productRefGroup = 72C7C70E2AEE6D50007DA0D2 /* Products */;
			projectDirPath = "";
			projectRoot = "";
			targets = (
				72C7C70C2AEE6D50007DA0D2 /* NewMarketApp */,
			);
		};
/* End PBXProject section */

/* Begin PBXResourcesBuildPhase section */
		72C7C70B2AEE6D50007DA0D2 /* Resources */ = {
			isa = PBXResourcesBuildPhase;
			buildActionMask = 2147483647;
			files = (
				72C7C71D2AEE6D51007DA0D2 /* LaunchScreen.storyboard in Resources */,
				72C7C71A2AEE6D51007DA0D2 /* Assets.xcassets in Resources */,
				72C7C7182AEE6D50007DA0D2 /* Main.storyboard in Resources */,
			);
			runOnlyForDeploymentPostprocessing = 0;
		};
/* End PBXResourcesBuildPhase section */

/* Begin PBXSourcesBuildPhase section */
		72C7C7092AEE6D50007DA0D2 /* Sources */ = {
			isa = PBXSourcesBuildPhase;
			buildActionMask = 2147483647;
			files = (
				72A0AEC32AEEAE230064AE98 /* DataStore.swift in Sources */,
				72A0AEAA2AEE6FD50064AE98 /* LoginViewController.swift in Sources */,
				72A0AEAD2AEE71670064AE98 /* Colors.swift in Sources */,
				72A0AEB82AEEA8A40064AE98 /* CartViewController.swift in Sources */,
				72A0AEC02AEEA9C50064AE98 /* OrderViewController.swift in Sources */,
				72C7C7112AEE6D50007DA0D2 /* AppDelegate.swift in Sources */,
				72A0AEBA2AEEA92C0064AE98 /* CategoriesTableViewController.swift in Sources */,
				72A0AEB62AEEA86C0064AE98 /* TabBarViewController.swift in Sources */,
				72A0AEBE2AEEA9A00064AE98 /* ProductsDescriptionViewController.swift in Sources */,
				30D3B6CF2AEE9FCF008A715D /* User.swift in Sources */,
				72A0AEB42AEE765F0064AE98 /* ProfileViewController.swift in Sources */,
				72C7C7132AEE6D50007DA0D2 /* SceneDelegate.swift in Sources */,
				72A0AEBC2AEEA9600064AE98 /* ProductsTableViewController.swift in Sources */,
			);
			runOnlyForDeploymentPostprocessing = 0;
		};
/* End PBXSourcesBuildPhase section */

/* Begin PBXVariantGroup section */
		72C7C7162AEE6D50007DA0D2 /* Main.storyboard */ = {
			isa = PBXVariantGroup;
			children = (
				72C7C7172AEE6D50007DA0D2 /* Base */,
			);
			name = Main.storyboard;
			sourceTree = "<group>";
		};
		72C7C71B2AEE6D51007DA0D2 /* LaunchScreen.storyboard */ = {
			isa = PBXVariantGroup;
			children = (
				72C7C71C2AEE6D51007DA0D2 /* Base */,
			);
			name = LaunchScreen.storyboard;
			sourceTree = "<group>";
		};
/* End PBXVariantGroup section */

/* Begin XCBuildConfiguration section */
		72C7C71F2AEE6D51007DA0D2 /* Debug */ = {
			isa = XCBuildConfiguration;
			buildSettings = {
				ALWAYS_SEARCH_USER_PATHS = NO;
				ASSETCATALOG_COMPILER_GENERATE_SWIFT_ASSET_SYMBOL_EXTENSIONS = YES;
				CLANG_ANALYZER_NONNULL = YES;
				CLANG_ANALYZER_NUMBER_OBJECT_CONVERSION = YES_AGGRESSIVE;
				CLANG_CXX_LANGUAGE_STANDARD = "gnu++20";
				CLANG_ENABLE_MODULES = YES;
				CLANG_ENABLE_OBJC_ARC = YES;
				CLANG_ENABLE_OBJC_WEAK = YES;
				CLANG_WARN_BLOCK_CAPTURE_AUTORELEASING = YES;
				CLANG_WARN_BOOL_CONVERSION = YES;
				CLANG_WARN_COMMA = YES;
				CLANG_WARN_CONSTANT_CONVERSION = YES;
				CLANG_WARN_DEPRECATED_OBJC_IMPLEMENTATIONS = YES;
				CLANG_WARN_DIRECT_OBJC_ISA_USAGE = YES_ERROR;
				CLANG_WARN_DOCUMENTATION_COMMENTS = YES;
				CLANG_WARN_EMPTY_BODY = YES;
				CLANG_WARN_ENUM_CONVERSION = YES;
				CLANG_WARN_INFINITE_RECURSION = YES;
				CLANG_WARN_INT_CONVERSION = YES;
				CLANG_WARN_NON_LITERAL_NULL_CONVERSION = YES;
				CLANG_WARN_OBJC_IMPLICIT_RETAIN_SELF = YES;
				CLANG_WARN_OBJC_LITERAL_CONVERSION = YES;
				CLANG_WARN_OBJC_ROOT_CLASS = YES_ERROR;
				CLANG_WARN_QUOTED_INCLUDE_IN_FRAMEWORK_HEADER = YES;
				CLANG_WARN_RANGE_LOOP_ANALYSIS = YES;
				CLANG_WARN_STRICT_PROTOTYPES = YES;
				CLANG_WARN_SUSPICIOUS_MOVE = YES;
				CLANG_WARN_UNGUARDED_AVAILABILITY = YES_AGGRESSIVE;
				CLANG_WARN_UNREACHABLE_CODE = YES;
				CLANG_WARN__DUPLICATE_METHOD_MATCH = YES;
				COPY_PHASE_STRIP = NO;
				DEBUG_INFORMATION_FORMAT = dwarf;
				ENABLE_STRICT_OBJC_MSGSEND = YES;
				ENABLE_TESTABILITY = YES;
				ENABLE_USER_SCRIPT_SANDBOXING = YES;
				GCC_C_LANGUAGE_STANDARD = gnu17;
				GCC_DYNAMIC_NO_PIC = NO;
				GCC_NO_COMMON_BLOCKS = YES;
				GCC_OPTIMIZATION_LEVEL = 0;
				GCC_PREPROCESSOR_DEFINITIONS = (
					"DEBUG=1",
					"$(inherited)",
				);
				GCC_WARN_64_TO_32_BIT_CONVERSION = YES;
				GCC_WARN_ABOUT_RETURN_TYPE = YES_ERROR;
				GCC_WARN_UNDECLARED_SELECTOR = YES;
				GCC_WARN_UNINITIALIZED_AUTOS = YES_AGGRESSIVE;
				GCC_WARN_UNUSED_FUNCTION = YES;
				GCC_WARN_UNUSED_VARIABLE = YES;
				IPHONEOS_DEPLOYMENT_TARGET = 17.0;
				LOCALIZATION_PREFERS_STRING_CATALOGS = YES;
				MTL_ENABLE_DEBUG_INFO = INCLUDE_SOURCE;
				MTL_FAST_MATH = YES;
				ONLY_ACTIVE_ARCH = YES;
				SDKROOT = iphoneos;
				SWIFT_ACTIVE_COMPILATION_CONDITIONS = "DEBUG $(inherited)";
				SWIFT_OPTIMIZATION_LEVEL = "-Onone";
			};
			name = Debug;
		};
		72C7C7202AEE6D51007DA0D2 /* Release */ = {
			isa = XCBuildConfiguration;
			buildSettings = {
				ALWAYS_SEARCH_USER_PATHS = NO;
				ASSETCATALOG_COMPILER_GENERATE_SWIFT_ASSET_SYMBOL_EXTENSIONS = YES;
				CLANG_ANALYZER_NONNULL = YES;
				CLANG_ANALYZER_NUMBER_OBJECT_CONVERSION = YES_AGGRESSIVE;
				CLANG_CXX_LANGUAGE_STANDARD = "gnu++20";
				CLANG_ENABLE_MODULES = YES;
				CLANG_ENABLE_OBJC_ARC = YES;
				CLANG_ENABLE_OBJC_WEAK = YES;
				CLANG_WARN_BLOCK_CAPTURE_AUTORELEASING = YES;
				CLANG_WARN_BOOL_CONVERSION = YES;
				CLANG_WARN_COMMA = YES;
				CLANG_WARN_CONSTANT_CONVERSION = YES;
				CLANG_WARN_DEPRECATED_OBJC_IMPLEMENTATIONS = YES;
				CLANG_WARN_DIRECT_OBJC_ISA_USAGE = YES_ERROR;
				CLANG_WARN_DOCUMENTATION_COMMENTS = YES;
				CLANG_WARN_EMPTY_BODY = YES;
				CLANG_WARN_ENUM_CONVERSION = YES;
				CLANG_WARN_INFINITE_RECURSION = YES;
				CLANG_WARN_INT_CONVERSION = YES;
				CLANG_WARN_NON_LITERAL_NULL_CONVERSION = YES;
				CLANG_WARN_OBJC_IMPLICIT_RETAIN_SELF = YES;
				CLANG_WARN_OBJC_LITERAL_CONVERSION = YES;
				CLANG_WARN_OBJC_ROOT_CLASS = YES_ERROR;
				CLANG_WARN_QUOTED_INCLUDE_IN_FRAMEWORK_HEADER = YES;
				CLANG_WARN_RANGE_LOOP_ANALYSIS = YES;
				CLANG_WARN_STRICT_PROTOTYPES = YES;
				CLANG_WARN_SUSPICIOUS_MOVE = YES;
				CLANG_WARN_UNGUARDED_AVAILABILITY = YES_AGGRESSIVE;
				CLANG_WARN_UNREACHABLE_CODE = YES;
				CLANG_WARN__DUPLICATE_METHOD_MATCH = YES;
				COPY_PHASE_STRIP = NO;
				DEBUG_INFORMATION_FORMAT = "dwarf-with-dsym";
				ENABLE_NS_ASSERTIONS = NO;
				ENABLE_STRICT_OBJC_MSGSEND = YES;
				ENABLE_USER_SCRIPT_SANDBOXING = YES;
				GCC_C_LANGUAGE_STANDARD = gnu17;
				GCC_NO_COMMON_BLOCKS = YES;
				GCC_WARN_64_TO_32_BIT_CONVERSION = YES;
				GCC_WARN_ABOUT_RETURN_TYPE = YES_ERROR;
				GCC_WARN_UNDECLARED_SELECTOR = YES;
				GCC_WARN_UNINITIALIZED_AUTOS = YES_AGGRESSIVE;
				GCC_WARN_UNUSED_FUNCTION = YES;
				GCC_WARN_UNUSED_VARIABLE = YES;
				IPHONEOS_DEPLOYMENT_TARGET = 17.0;
				LOCALIZATION_PREFERS_STRING_CATALOGS = YES;
				MTL_ENABLE_DEBUG_INFO = NO;
				MTL_FAST_MATH = YES;
				SDKROOT = iphoneos;
				SWIFT_COMPILATION_MODE = wholemodule;
				VALIDATE_PRODUCT = YES;
			};
			name = Release;
		};
		72C7C7222AEE6D51007DA0D2 /* Debug */ = {
			isa = XCBuildConfiguration;
			buildSettings = {
				ASSETCATALOG_COMPILER_APPICON_NAME = AppIcon;
				ASSETCATALOG_COMPILER_GLOBAL_ACCENT_COLOR_NAME = AccentColor;
				CODE_SIGN_STYLE = Automatic;
				CURRENT_PROJECT_VERSION = 1;
				GENERATE_INFOPLIST_FILE = YES;
				INFOPLIST_FILE = NewMarketApp/SupportingFiles/Info.plist;
				INFOPLIST_KEY_UIApplicationSupportsIndirectInputEvents = YES;
				INFOPLIST_KEY_UILaunchStoryboardName = LaunchScreen;
				INFOPLIST_KEY_UIMainStoryboardFile = Main;
				INFOPLIST_KEY_UISupportedInterfaceOrientations_iPad = "UIInterfaceOrientationPortrait UIInterfaceOrientationPortraitUpsideDown UIInterfaceOrientationLandscapeLeft UIInterfaceOrientationLandscapeRight";
				INFOPLIST_KEY_UISupportedInterfaceOrientations_iPhone = "UIInterfaceOrientationPortrait UIInterfaceOrientationLandscapeLeft UIInterfaceOrientationLandscapeRight";
				LD_RUNPATH_SEARCH_PATHS = (
					"$(inherited)",
					"@executable_path/Frameworks",
				);
				MARKETING_VERSION = 1.0;
				PRODUCT_BUNDLE_IDENTIFIER = swiftbook.ru.NewMarketApp;
				PRODUCT_NAME = "$(TARGET_NAME)";
				SUPPORTED_PLATFORMS = "iphoneos iphonesimulator";
				SUPPORTS_MACCATALYST = NO;
				SUPPORTS_MAC_DESIGNED_FOR_IPHONE_IPAD = NO;
				SWIFT_EMIT_LOC_STRINGS = YES;
				SWIFT_VERSION = 5.0;
				TARGETED_DEVICE_FAMILY = 1;
			};
			name = Debug;
		};
		72C7C7232AEE6D51007DA0D2 /* Release */ = {
			isa = XCBuildConfiguration;
			buildSettings = {
				ASSETCATALOG_COMPILER_APPICON_NAME = AppIcon;
				ASSETCATALOG_COMPILER_GLOBAL_ACCENT_COLOR_NAME = AccentColor;
				CODE_SIGN_STYLE = Automatic;
				CURRENT_PROJECT_VERSION = 1;
				GENERATE_INFOPLIST_FILE = YES;
				INFOPLIST_FILE = NewMarketApp/SupportingFiles/Info.plist;
				INFOPLIST_KEY_UIApplicationSupportsIndirectInputEvents = YES;
				INFOPLIST_KEY_UILaunchStoryboardName = LaunchScreen;
				INFOPLIST_KEY_UIMainStoryboardFile = Main;
				INFOPLIST_KEY_UISupportedInterfaceOrientations_iPad = "UIInterfaceOrientationPortrait UIInterfaceOrientationPortraitUpsideDown UIInterfaceOrientationLandscapeLeft UIInterfaceOrientationLandscapeRight";
				INFOPLIST_KEY_UISupportedInterfaceOrientations_iPhone = "UIInterfaceOrientationPortrait UIInterfaceOrientationLandscapeLeft UIInterfaceOrientationLandscapeRight";
				LD_RUNPATH_SEARCH_PATHS = (
					"$(inherited)",
					"@executable_path/Frameworks",
				);
				MARKETING_VERSION = 1.0;
				PRODUCT_BUNDLE_IDENTIFIER = swiftbook.ru.NewMarketApp;
				PRODUCT_NAME = "$(TARGET_NAME)";
				SUPPORTED_PLATFORMS = "iphoneos iphonesimulator";
				SUPPORTS_MACCATALYST = NO;
				SUPPORTS_MAC_DESIGNED_FOR_IPHONE_IPAD = NO;
				SWIFT_EMIT_LOC_STRINGS = YES;
				SWIFT_VERSION = 5.0;
				TARGETED_DEVICE_FAMILY = 1;
			};
			name = Release;
		};
/* End XCBuildConfiguration section */

/* Begin XCConfigurationList section */
		72C7C7082AEE6D50007DA0D2 /* Build configuration list for PBXProject "NewMarketApp" */ = {
			isa = XCConfigurationList;
			buildConfigurations = (
				72C7C71F2AEE6D51007DA0D2 /* Debug */,
				72C7C7202AEE6D51007DA0D2 /* Release */,
			);
			defaultConfigurationIsVisible = 0;
			defaultConfigurationName = Release;
		};
		72C7C7212AEE6D51007DA0D2 /* Build configuration list for PBXNativeTarget "NewMarketApp" */ = {
			isa = XCConfigurationList;
			buildConfigurations = (
				72C7C7222AEE6D51007DA0D2 /* Debug */,
				72C7C7232AEE6D51007DA0D2 /* Release */,
			);
			defaultConfigurationIsVisible = 0;
			defaultConfigurationName = Release;
		};
/* End XCConfigurationList section */
	};
	rootObject = 72C7C7052AEE6D50007DA0D2 /* Project object */;
}
